
Microsoft Visual Studio Solution File, Format Version 12.00
# Visual Studio Version 16
VisualStudioVersion = 16.0.31624.102
MinimumVisualStudioVersion = 10.0.40219.1
Project("{FAE04EC0-301F-11D3-BF4B-00C04F79EFBC}") = "SuperAdventure", "SuperAdventure\SuperAdventure.csproj", "{B034408F-E791-4EAB-B21F-A60483E789AF}"
EndProject
Project("{FAE04EC0-301F-11D3-BF4B-00C04F79EFBC}") = "Engine", "Engine\Engine.csproj", "{FE09D6F7-1201-4CD0-8796-DA660303AC03}"
EndProject
Global
	GlobalSection(SolutionConfigurationPlatforms) = preSolution
		Debug|Any CPU = Debug|Any CPU
		Release|Any CPU = Release|Any CPU
	EndGlobalSection
	GlobalSection(ProjectConfigurationPlatforms) = postSolution
		{B034408F-E791-4EAB-B21F-A60483E789AF}.Debug|Any CPU.ActiveCfg = Debug|Any CPU
		{B034408F-E791-4EAB-B21F-A60483E789AF}.Debug|Any CPU.Build.0 = Debug|Any CPU
		{B034408F-E791-4EAB-B21F-A60483E789AF}.Release|Any CPU.ActiveCfg = Release|Any CPU
		{B034408F-E791-4EAB-B21F-A60483E789AF}.Release|Any CPU.Build.0 = Release|Any CPU
		{FE09D6F7-1201-4CD0-8796-DA660303AC03}.Debug|Any CPU.ActiveCfg = Debug|Any CPU
		{FE09D6F7-1201-4CD0-8796-DA660303AC03}.Debug|Any CPU.Build.0 = Debug|Any CPU
		{FE09D6F7-1201-4CD0-8796-DA660303AC03}.Release|Any CPU.ActiveCfg = Release|Any CPU
		{FE09D6F7-1201-4CD0-8796-DA660303AC03}.Release|Any CPU.Build.0 = Release|Any CPU
	EndGlobalSection
	GlobalSection(SolutionProperties) = preSolution
		HideSolutionNode = FALSE
	EndGlobalSection
	GlobalSection(ExtensibilityGlobals) = postSolution
		SolutionGuid = {CEE161FA-B7CA-4A17-A50D-173B0A930D82}
	EndGlobalSection
EndGlobal
